
Microsoft Visual Studio Solution File, Format Version 12.00
# Visual Studio 2013
VisualStudioVersion = 12.0.31101.0
MinimumVisualStudioVersion = 10.0.40219.1
Project("{FAE04EC0-301F-11D3-BF4B-00C04F79EFBC}") = "MasterDetailAndActionSheet.Shared.WinPhone", "MasterDetailAndActionSheet.Shared\MasterDetailAndActionSheet.Shared.WinPhone\MasterDetailAndActionSheet.Shared.WinPhone.csproj", "{0E4A6440-F4F6-4B40-B7E7-F51C582DE3B9}"
EndProject
Project("{FAE04EC0-301F-11D3-BF4B-00C04F79EFBC}") = "MasterDetailAndActionSheet.Shared.iOS", "MasterDetailAndActionSheet.Shared\MasterDetailAndActionSheet.Shared.iOS\MasterDetailAndActionSheet.Shared.iOS.csproj", "{EB3A3888-B9C0-4B4E-97A5-24F31E58F79F}"
EndProject
Project("{FAE04EC0-301F-11D3-BF4B-00C04F79EFBC}") = "MasterDetailAndActionSheet.Shared.Droid", "MasterDetailAndActionSheet.Shared\MasterDetailAndActionSheet.Shared.Droid\MasterDetailAndActionSheet.Shared.Droid.csproj", "{F2E7F979-ABED-4CA7-A757-8533E7DA0827}"
EndProject
Project("{D954291E-2A0B-460D-934E-DC6B0785DB48}") = "MasterDetailAndActionSheet.Shared", "MasterDetailAndActionSheet.Shared\MasterDetailAndActionSheet.Shared\MasterDetailAndActionSheet.Shared.shproj", "{D5532D18-755F-4624-8D1E-021249660585}"
EndProject
Project("{2150E333-8FDC-42A3-9474-1A3956D46DE8}") = ".nuget", ".nuget", "{1505FF68-1D9F-4918-A814-2B26A74B5FF5}"
	ProjectSection(SolutionItems) = preProject
		.nuget\NuGet.Config = .nuget\NuGet.Config
		.nuget\NuGet.exe = .nuget\NuGet.exe
		.nuget\NuGet.targets = .nuget\NuGet.targets
	EndProjectSection
EndProject
Global
	GlobalSection(SharedMSBuildProjectFiles) = preSolution
		MasterDetailAndActionSheet.Shared\MasterDetailAndActionSheet.Shared\MasterDetailAndActionSheet.Shared.projitems*{d5532d18-755f-4624-8d1e-021249660585}*SharedItemsImports = 13
		MasterDetailAndActionSheet.Shared\MasterDetailAndActionSheet.Shared\MasterDetailAndActionSheet.Shared.projitems*{f2e7f979-abed-4ca7-a757-8533e7da0827}*SharedItemsImports = 4
		MasterDetailAndActionSheet.Shared\MasterDetailAndActionSheet.Shared\MasterDetailAndActionSheet.Shared.projitems*{0e4a6440-f4f6-4b40-b7e7-f51c582de3b9}*SharedItemsImports = 4
		MasterDetailAndActionSheet.Shared\MasterDetailAndActionSheet.Shared\MasterDetailAndActionSheet.Shared.projitems*{eb3a3888-b9c0-4b4e-97a5-24f31e58f79f}*SharedItemsImports = 4
	EndGlobalSection
	GlobalSection(SolutionConfigurationPlatforms) = preSolution
		Ad-Hoc|Any CPU = Ad-Hoc|Any CPU
		Ad-Hoc|ARM = Ad-Hoc|ARM
		Ad-Hoc|iPhone = Ad-Hoc|iPhone
		Ad-Hoc|iPhoneSimulator = Ad-Hoc|iPhoneSimulator
		Ad-Hoc|Mixed Platforms = Ad-Hoc|Mixed Platforms
		Ad-Hoc|x86 = Ad-Hoc|x86
		AppStore|Any CPU = AppStore|Any CPU
		AppStore|ARM = AppStore|ARM
		AppStore|iPhone = AppStore|iPhone
		AppStore|iPhoneSimulator = AppStore|iPhoneSimulator
		AppStore|Mixed Platforms = AppStore|Mixed Platforms
		AppStore|x86 = AppStore|x86
		Debug|Any CPU = Debug|Any CPU
		Debug|ARM = Debug|ARM
		Debug|iPhone = Debug|iPhone
		Debug|iPhoneSimulator = Debug|iPhoneSimulator
		Debug|Mixed Platforms = Debug|Mixed Platforms
		Debug|x86 = Debug|x86
		Release|Any CPU = Release|Any CPU
		Release|ARM = Release|ARM
		Release|iPhone = Release|iPhone
		Release|iPhoneSimulator = Release|iPhoneSimulator
		Release|Mixed Platforms = Release|Mixed Platforms
		Release|x86 = Release|x86
	EndGlobalSection
	GlobalSection(ProjectConfigurationPlatforms) = postSolution
		{0E4A6440-F4F6-4B40-B7E7-F51C582DE3B9}.Ad-Hoc|Any CPU.ActiveCfg = Release|Any CPU
		{0E4A6440-F4F6-4B40-B7E7-F51C582DE3B9}.Ad-Hoc|Any CPU.Build.0 = Release|Any CPU
		{0E4A6440-F4F6-4B40-B7E7-F51C582DE3B9}.Ad-Hoc|Any CPU.Deploy.0 = Release|Any CPU
		{0E4A6440-F4F6-4B40-B7E7-F51C582DE3B9}.Ad-Hoc|ARM.ActiveCfg = Release|ARM
		{0E4A6440-F4F6-4B40-B7E7-F51C582DE3B9}.Ad-Hoc|ARM.Build.0 = Release|ARM
		{0E4A6440-F4F6-4B40-B7E7-F51C582DE3B9}.Ad-Hoc|ARM.Deploy.0 = Release|ARM
		{0E4A6440-F4F6-4B40-B7E7-F51C582DE3B9}.Ad-Hoc|iPhone.ActiveCfg = Release|Any CPU
		{0E4A6440-F4F6-4B40-B7E7-F51C582DE3B9}.Ad-Hoc|iPhoneSimulator.ActiveCfg = Release|Any CPU
		{0E4A6440-F4F6-4B40-B7E7-F51C582DE3B9}.Ad-Hoc|Mixed Platforms.ActiveCfg = Release|x86
		{0E4A6440-F4F6-4B40-B7E7-F51C582DE3B9}.Ad-Hoc|Mixed Platforms.Build.0 = Release|x86
		{0E4A6440-F4F6-4B40-B7E7-F51C582DE3B9}.Ad-Hoc|Mixed Platforms.Deploy.0 = Release|x86
		{0E4A6440-F4F6-4B40-B7E7-F51C582DE3B9}.Ad-Hoc|x86.ActiveCfg = Release|x86
		{0E4A6440-F4F6-4B40-B7E7-F51C582DE3B9}.Ad-Hoc|x86.Build.0 = Release|x86
		{0E4A6440-F4F6-4B40-B7E7-F51C582DE3B9}.Ad-Hoc|x86.Deploy.0 = Release|x86
		{0E4A6440-F4F6-4B40-B7E7-F51C582DE3B9}.AppStore|Any CPU.ActiveCfg = Release|Any CPU
		{0E4A6440-F4F6-4B40-B7E7-F51C582DE3B9}.AppStore|Any CPU.Build.0 = Release|Any CPU
		{0E4A6440-F4F6-4B40-B7E7-F51C582DE3B9}.AppStore|Any CPU.Deploy.0 = Release|Any CPU
		{0E4A6440-F4F6-4B40-B7E7-F51C582DE3B9}.AppStore|ARM.ActiveCfg = Release|ARM
		{0E4A6440-F4F6-4B40-B7E7-F51C582DE3B9}.AppStore|ARM.Build.0 = Release|ARM
		{0E4A6440-F4F6-4B40-B7E7-F51C582DE3B9}.AppStore|ARM.Deploy.0 = Release|ARM
		{0E4A6440-F4F6-4B40-B7E7-F51C582DE3B9}.AppStore|iPhone.ActiveCfg = Release|Any CPU
		{0E4A6440-F4F6-4B40-B7E7-F51C582DE3B9}.AppStore|iPhoneSimulator.ActiveCfg = Release|Any CPU
		{0E4A6440-F4F6-4B40-B7E7-F51C582DE3B9}.AppStore|Mixed Platforms.ActiveCfg = Release|x86
		{0E4A6440-F4F6-4B40-B7E7-F51C582DE3B9}.AppStore|Mixed Platforms.Build.0 = Release|x86
		{0E4A6440-F4F6-4B40-B7E7-F51C582DE3B9}.AppStore|Mixed Platforms.Deploy.0 = Release|x86
		{0E4A6440-F4F6-4B40-B7E7-F51C582DE3B9}.AppStore|x86.ActiveCfg = Release|x86
		{0E4A6440-F4F6-4B40-B7E7-F51C582DE3B9}.AppStore|x86.Build.0 = Release|x86
		{0E4A6440-F4F6-4B40-B7E7-F51C582DE3B9}.AppStore|x86.Deploy.0 = Release|x86
		{0E4A6440-F4F6-4B40-B7E7-F51C582DE3B9}.Debug|Any CPU.ActiveCfg = Debug|Any CPU
		{0E4A6440-F4F6-4B40-B7E7-F51C582DE3B9}.Debug|Any CPU.Build.0 = Debug|Any CPU
		{0E4A6440-F4F6-4B40-B7E7-F51C582DE3B9}.Debug|Any CPU.Deploy.0 = Debug|Any CPU
		{0E4A6440-F4F6-4B40-B7E7-F51C582DE3B9}.Debug|ARM.ActiveCfg = Debug|ARM
		{0E4A6440-F4F6-4B40-B7E7-F51C582DE3B9}.Debug|ARM.Build.0 = Debug|ARM
		{0E4A6440-F4F6-4B40-B7E7-F51C582DE3B9}.Debug|ARM.Deploy.0 = Debug|ARM
		{0E4A6440-F4F6-4B40-B7E7-F51C582DE3B9}.Debug|iPhone.ActiveCfg = Debug|Any CPU
		{0E4A6440-F4F6-4B40-B7E7-F51C582DE3B9}.Debug|iPhoneSimulator.ActiveCfg = Debug|Any CPU
		{0E4A6440-F4F6-4B40-B7E7-F51C582DE3B9}.Debug|Mixed Platforms.ActiveCfg = Debug|x86
		{0E4A6440-F4F6-4B40-B7E7-F51C582DE3B9}.Debug|Mixed Platforms.Build.0 = Debug|x86
		{0E4A6440-F4F6-4B40-B7E7-F51C582DE3B9}.Debug|Mixed Platforms.Deploy.0 = Debug|x86
		{0E4A6440-F4F6-4B40-B7E7-F51C582DE3B9}.Debug|x86.ActiveCfg = Debug|x86
		{0E4A6440-F4F6-4B40-B7E7-F51C582DE3B9}.Debug|x86.Build.0 = Debug|x86
		{0E4A6440-F4F6-4B40-B7E7-F51C582DE3B9}.Debug|x86.Deploy.0 = Debug|x86
		{0E4A6440-F4F6-4B40-B7E7-F51C582DE3B9}.Release|Any CPU.ActiveCfg = Release|Any CPU
		{0E4A6440-F4F6-4B40-B7E7-F51C582DE3B9}.Release|Any CPU.Build.0 = Release|Any CPU
		{0E4A6440-F4F6-4B40-B7E7-F51C582DE3B9}.Release|Any CPU.Deploy.0 = Release|Any CPU
		{0E4A6440-F4F6-4B40-B7E7-F51C582DE3B9}.Release|ARM.ActiveCfg = Release|ARM
		{0E4A6440-F4F6-4B40-B7E7-F51C582DE3B9}.Release|ARM.Build.0 = Release|ARM
		{0E4A6440-F4F6-4B40-B7E7-F51C582DE3B9}.Release|ARM.Deploy.0 = Release|ARM
		{0E4A6440-F4F6-4B40-B7E7-F51C582DE3B9}.Release|iPhone.ActiveCfg = Release|Any CPU
		{0E4A6440-F4F6-4B40-B7E7-F51C582DE3B9}.Release|iPhoneSimulator.ActiveCfg = Release|Any CPU
		{0E4A6440-F4F6-4B40-B7E7-F51C582DE3B9}.Release|Mixed Platforms.ActiveCfg = Release|x86
		{0E4A6440-F4F6-4B40-B7E7-F51C582DE3B9}.Release|Mixed Platforms.Build.0 = Release|x86
		{0E4A6440-F4F6-4B40-B7E7-F51C582DE3B9}.Release|Mixed Platforms.Deploy.0 = Release|x86
		{0E4A6440-F4F6-4B40-B7E7-F51C582DE3B9}.Release|x86.ActiveCfg = Release|x86
		{0E4A6440-F4F6-4B40-B7E7-F51C582DE3B9}.Release|x86.Build.0 = Release|x86
		{0E4A6440-F4F6-4B40-B7E7-F51C582DE3B9}.Release|x86.Deploy.0 = Release|x86
		{EB3A3888-B9C0-4B4E-97A5-24F31E58F79F}.Ad-Hoc|Any CPU.ActiveCfg = Ad-Hoc|iPhone
		{EB3A3888-B9C0-4B4E-97A5-24F31E58F79F}.Ad-Hoc|ARM.ActiveCfg = Ad-Hoc|iPhone
		{EB3A3888-B9C0-4B4E-97A5-24F31E58F79F}.Ad-Hoc|iPhone.ActiveCfg = Ad-Hoc|iPhone
		{EB3A3888-B9C0-4B4E-97A5-24F31E58F79F}.Ad-Hoc|iPhone.Build.0 = Ad-Hoc|iPhone
		{EB3A3888-B9C0-4B4E-97A5-24F31E58F79F}.Ad-Hoc|iPhoneSimulator.ActiveCfg = Ad-Hoc|iPhoneSimulator
		{EB3A3888-B9C0-4B4E-97A5-24F31E58F79F}.Ad-Hoc|iPhoneSimulator.Build.0 = Ad-Hoc|iPhoneSimulator
		{EB3A3888-B9C0-4B4E-97A5-24F31E58F79F}.Ad-Hoc|Mixed Platforms.ActiveCfg = Ad-Hoc|iPhone
		{EB3A3888-B9C0-4B4E-97A5-24F31E58F79F}.Ad-Hoc|Mixed Platforms.Build.0 = Ad-Hoc|iPhone
		{EB3A3888-B9C0-4B4E-97A5-24F31E58F79F}.Ad-Hoc|x86.ActiveCfg = Ad-Hoc|iPhone
		{EB3A3888-B9C0-4B4E-97A5-24F31E58F79F}.AppStore|Any CPU.ActiveCfg = AppStore|iPhone
		{EB3A3888-B9C0-4B4E-97A5-24F31E58F79F}.AppStore|ARM.ActiveCfg = AppStore|iPhone
		{EB3A3888-B9C0-4B4E-97A5-24F31E58F79F}.AppStore|iPhone.ActiveCfg = AppStore|iPhone
		{EB3A3888-B9C0-4B4E-97A5-24F31E58F79F}.AppStore|iPhone.Build.0 = AppStore|iPhone
		{EB3A3888-B9C0-4B4E-97A5-24F31E58F79F}.AppStore|iPhoneSimulator.ActiveCfg = AppStore|iPhoneSimulator
		{EB3A3888-B9C0-4B4E-97A5-24F31E58F79F}.AppStore|iPhoneSimulator.Build.0 = AppStore|iPhoneSimulator
		{EB3A3888-B9C0-4B4E-97A5-24F31E58F79F}.AppStore|Mixed Platforms.ActiveCfg = AppStore|iPhone
		{EB3A3888-B9C0-4B4E-97A5-24F31E58F79F}.AppStore|Mixed Platforms.Build.0 = AppStore|iPhone
		{EB3A3888-B9C0-4B4E-97A5-24F31E58F79F}.AppStore|x86.ActiveCfg = AppStore|iPhone
		{EB3A3888-B9C0-4B4E-97A5-24F31E58F79F}.Debug|Any CPU.ActiveCfg = Debug|iPhone
		{EB3A3888-B9C0-4B4E-97A5-24F31E58F79F}.Debug|ARM.ActiveCfg = Debug|iPhone
		{EB3A3888-B9C0-4B4E-97A5-24F31E58F79F}.Debug|iPhone.ActiveCfg = Debug|iPhone
		{EB3A3888-B9C0-4B4E-97A5-24F31E58F79F}.Debug|iPhone.Build.0 = Debug|iPhone
		{EB3A3888-B9C0-4B4E-97A5-24F31E58F79F}.Debug|iPhoneSimulator.ActiveCfg = Debug|iPhoneSimulator
		{EB3A3888-B9C0-4B4E-97A5-24F31E58F79F}.Debug|iPhoneSimulator.Build.0 = Debug|iPhoneSimulator
		{EB3A3888-B9C0-4B4E-97A5-24F31E58F79F}.Debug|Mixed Platforms.ActiveCfg = Debug|iPhone
		{EB3A3888-B9C0-4B4E-97A5-24F31E58F79F}.Debug|Mixed Platforms.Build.0 = Debug|iPhone
		{EB3A3888-B9C0-4B4E-97A5-24F31E58F79F}.Debug|x86.ActiveCfg = Debug|iPhone
		{EB3A3888-B9C0-4B4E-97A5-24F31E58F79F}.Release|Any CPU.ActiveCfg = Release|iPhone
		{EB3A3888-B9C0-4B4E-97A5-24F31E58F79F}.Release|ARM.ActiveCfg = Release|iPhone
		{EB3A3888-B9C0-4B4E-97A5-24F31E58F79F}.Release|iPhone.ActiveCfg = Release|iPhone
		{EB3A3888-B9C0-4B4E-97A5-24F31E58F79F}.Release|iPhone.Build.0 = Release|iPhone
		{EB3A3888-B9C0-4B4E-97A5-24F31E58F79F}.Release|iPhoneSimulator.ActiveCfg = Release|iPhoneSimulator
		{EB3A3888-B9C0-4B4E-97A5-24F31E58F79F}.Release|iPhoneSimulator.Build.0 = Release|iPhoneSimulator
		{EB3A3888-B9C0-4B4E-97A5-24F31E58F79F}.Release|Mixed Platforms.ActiveCfg = Release|iPhone
		{EB3A3888-B9C0-4B4E-97A5-24F31E58F79F}.Release|Mixed Platforms.Build.0 = Release|iPhone
		{EB3A3888-B9C0-4B4E-97A5-24F31E58F79F}.Release|x86.ActiveCfg = Release|iPhone
		{F2E7F979-ABED-4CA7-A757-8533E7DA0827}.Ad-Hoc|Any CPU.ActiveCfg = Release|Any CPU
		{F2E7F979-ABED-4CA7-A757-8533E7DA0827}.Ad-Hoc|Any CPU.Build.0 = Release|Any CPU
		{F2E7F979-ABED-4CA7-A757-8533E7DA0827}.Ad-Hoc|Any CPU.Deploy.0 = Release|Any CPU
		{F2E7F979-ABED-4CA7-A757-8533E7DA0827}.Ad-Hoc|ARM.ActiveCfg = Release|Any CPU
		{F2E7F979-ABED-4CA7-A757-8533E7DA0827}.Ad-Hoc|iPhone.ActiveCfg = Release|Any CPU
		{F2E7F979-ABED-4CA7-A757-8533E7DA0827}.Ad-Hoc|iPhoneSimulator.ActiveCfg = Release|Any CPU
		{F2E7F979-ABED-4CA7-A757-8533E7DA0827}.Ad-Hoc|Mixed Platforms.ActiveCfg = Release|Any CPU
		{F2E7F979-ABED-4CA7-A757-8533E7DA0827}.Ad-Hoc|Mixed Platforms.Build.0 = Release|Any CPU
		{F2E7F979-ABED-4CA7-A757-8533E7DA0827}.Ad-Hoc|Mixed Platforms.Deploy.0 = Release|Any CPU
		{F2E7F979-ABED-4CA7-A757-8533E7DA0827}.Ad-Hoc|x86.ActiveCfg = Release|Any CPU
		{F2E7F979-ABED-4CA7-A757-8533E7DA0827}.AppStore|Any CPU.ActiveCfg = Release|Any CPU
		{F2E7F979-ABED-4CA7-A757-8533E7DA0827}.AppStore|Any CPU.Build.0 = Release|Any CPU
		{F2E7F979-ABED-4CA7-A757-8533E7DA0827}.AppStore|Any CPU.Deploy.0 = Release|Any CPU
		{F2E7F979-ABED-4CA7-A757-8533E7DA0827}.AppStore|ARM.ActiveCfg = Release|Any CPU
		{F2E7F979-ABED-4CA7-A757-8533E7DA0827}.AppStore|iPhone.ActiveCfg = Release|Any CPU
		{F2E7F979-ABED-4CA7-A757-8533E7DA0827}.AppStore|iPhoneSimulator.ActiveCfg = Release|Any CPU
		{F2E7F979-ABED-4CA7-A757-8533E7DA0827}.AppStore|Mixed Platforms.ActiveCfg = Release|Any CPU
		{F2E7F979-ABED-4CA7-A757-8533E7DA0827}.AppStore|Mixed Platforms.Build.0 = Release|Any CPU
		{F2E7F979-ABED-4CA7-A757-8533E7DA0827}.AppStore|Mixed Platforms.Deploy.0 = Release|Any CPU
		{F2E7F979-ABED-4CA7-A757-8533E7DA0827}.AppStore|x86.ActiveCfg = Release|Any CPU
		{F2E7F979-ABED-4CA7-A757-8533E7DA0827}.Debug|Any CPU.ActiveCfg = Debug|Any CPU
		{F2E7F979-ABED-4CA7-A757-8533E7DA0827}.Debug|Any CPU.Build.0 = Debug|Any CPU
		{F2E7F979-ABED-4CA7-A757-8533E7DA0827}.Debug|Any CPU.Deploy.0 = Debug|Any CPU
		{F2E7F979-ABED-4CA7-A757-8533E7DA0827}.Debug|ARM.ActiveCfg = Debug|Any CPU
		{F2E7F979-ABED-4CA7-A757-8533E7DA0827}.Debug|iPhone.ActiveCfg = Debug|Any CPU
		{F2E7F979-ABED-4CA7-A757-8533E7DA0827}.Debug|iPhoneSimulator.ActiveCfg = Debug|Any CPU
		{F2E7F979-ABED-4CA7-A757-8533E7DA0827}.Debug|Mixed Platforms.ActiveCfg = Debug|Any CPU
		{F2E7F979-ABED-4CA7-A757-8533E7DA0827}.Debug|Mixed Platforms.Build.0 = Debug|Any CPU
		{F2E7F979-ABED-4CA7-A757-8533E7DA0827}.Debug|Mixed Platforms.Deploy.0 = Debug|Any CPU
		{F2E7F979-ABED-4CA7-A757-8533E7DA0827}.Debug|x86.ActiveCfg = Debug|Any CPU
		{F2E7F979-ABED-4CA7-A757-8533E7DA0827}.Release|Any CPU.ActiveCfg = Release|Any CPU
		{F2E7F979-ABED-4CA7-A757-8533E7DA0827}.Release|Any CPU.Build.0 = Release|Any CPU
		{F2E7F979-ABED-4CA7-A757-8533E7DA0827}.Release|Any CPU.Deploy.0 = Release|Any CPU
		{F2E7F979-ABED-4CA7-A757-8533E7DA0827}.Release|ARM.ActiveCfg = Release|Any CPU
		{F2E7F979-ABED-4CA7-A757-8533E7DA0827}.Release|iPhone.ActiveCfg = Release|Any CPU
		{F2E7F979-ABED-4CA7-A757-8533E7DA0827}.Release|iPhoneSimulator.ActiveCfg = Release|Any CPU
		{F2E7F979-ABED-4CA7-A757-8533E7DA0827}.Release|Mixed Platforms.ActiveCfg = Release|Any CPU
		{F2E7F979-ABED-4CA7-A757-8533E7DA0827}.Release|Mixed Platforms.Build.0 = Release|Any CPU
		{F2E7F979-ABED-4CA7-A757-8533E7DA0827}.Release|Mixed Platforms.Deploy.0 = Release|Any CPU
		{F2E7F979-ABED-4CA7-A757-8533E7DA0827}.Release|x86.ActiveCfg = Release|Any CPU
	EndGlobalSection
	GlobalSection(SolutionProperties) = preSolution
		HideSolutionNode = FALSE
	EndGlobalSection
EndGlobal
